{
  "name": "Bondify-app",
  "lockfileVersion": 3,
  "requires": true,
  "packages": {
    "": {
      "dependencies": {
        "express-mongo-sanitize": "^2.2.0",
        "helmet": "^7.1.0"
      }
    },
    "node_modules/express-mongo-sanitize": {
      "version": "2.2.0",
      "resolved": "https://registry.npmjs.org/express-mongo-sanitize/-/express-mongo-sanitize-2.2.0.tgz",
      "integrity": "sha512-PZBs5nwhD6ek9ZuP+W2xmpvcrHwXZxD5GdieX2dsjPbAbH4azOkrHbycBud2QRU+YQF1CT+pki/lZGedHgo/dQ==",
      "engines": {
        "node": ">=10"
      }
    },
    "node_modules/helmet": {
      "version": "7.1.0",
      "resolved": "https://registry.npmjs.org/helmet/-/helmet-7.1.0.tgz",
      "integrity": "sha512-g+HZqgfbpXdCkme/Cd/mZkV0aV3BZZZSugecH03kl38m/Kmdx8jKjBikpDj2cr+Iynv4KpYEviojNdTJActJAg==",
      "engines": {
        "node": ">=16.0.0"
      }
    }
  }
}
